
Microsoft Visual Studio Solution File, Format Version 12.00
# Visual Studio Version 17
VisualStudioVersion = 17.14.36930.0 d17.14
MinimumVisualStudioVersion = 10.0.40219.1
Project("{8BC9CEB8-8B4A-11D0-8D11-00A0C91BC942}") = "Server", "Server\Server.vcxproj", "{C6944A08-2B8A-4CFE-B6D3-404464FB4D15}"
EndProject
Project("{8BC9CEB8-8B4A-11D0-8D11-00A0C91BC942}") = "Client", "Client\Client.vcxproj", "{D75352C4-74EA-4F64-9C7F-1F14C5CEB2DA}"
EndProject
Global
	GlobalSection(SolutionConfigurationPlatforms) = preSolution
		Debug|x64 = Debug|x64
		Debug|x86 = Debug|x86
		Release|x64 = Release|x64
		Release|x86 = Release|x86
	EndGlobalSection
	GlobalSection(ProjectConfigurationPlatforms) = postSolution
		{C6944A08-2B8A-4CFE-B6D3-404464FB4D15}.Debug|x64.ActiveCfg = Debug|x64
		{C6944A08-2B8A-4CFE-B6D3-404464FB4D15}.Debug|x64.Build.0 = Debug|x64
		{C6944A08-2B8A-4CFE-B6D3-404464FB4D15}.Debug|x86.ActiveCfg = Debug|Win32
		{C6944A08-2B8A-4CFE-B6D3-404464FB4D15}.Debug|x86.Build.0 = Debug|Win32
		{C6944A08-2B8A-4CFE-B6D3-404464FB4D15}.Release|x64.ActiveCfg = Release|x64
		{C6944A08-2B8A-4CFE-B6D3-404464FB4D15}.Release|x64.Build.0 = Release|x64
		{C6944A08-2B8A-4CFE-B6D3-404464FB4D15}.Release|x86.ActiveCfg = Release|Win32
		{C6944A08-2B8A-4CFE-B6D3-404464FB4D15}.Release|x86.Build.0 = Release|Win32
		{D75352C4-74EA-4F64-9C7F-1F14C5CEB2DA}.Debug|x64.ActiveCfg = Debug|x64
		{D75352C4-74EA-4F64-9C7F-1F14C5CEB2DA}.Debug|x64.Build.0 = Debug|x64
		{D75352C4-74EA-4F64-9C7F-1F14C5CEB2DA}.Debug|x86.ActiveCfg = Debug|Win32
		{D75352C4-74EA-4F64-9C7F-1F14C5CEB2DA}.Debug|x86.Build.0 = Debug|Win32
		{D75352C4-74EA-4F64-9C7F-1F14C5CEB2DA}.Release|x64.ActiveCfg = Release|x64
		{D75352C4-74EA-4F64-9C7F-1F14C5CEB2DA}.Release|x64.Build.0 = Release|x64
		{D75352C4-74EA-4F64-9C7F-1F14C5CEB2DA}.Release|x86.ActiveCfg = Release|Win32
		{D75352C4-74EA-4F64-9C7F-1F14C5CEB2DA}.Release|x86.Build.0 = Release|Win32
	EndGlobalSection
	GlobalSection(SolutionProperties) = preSolution
		HideSolutionNode = FALSE
	EndGlobalSection
	GlobalSection(ExtensibilityGlobals) = postSolution
		SolutionGuid = {D1423B52-75DA-42B5-B2B6-CB2F143FDF94}
	EndGlobalSection
EndGlobal
